<?xml version="1.0" encoding="utf-8"?>
<Project ToolsVersion="4.0" xmlns="http://schemas.microsoft.com/developer/msbuild/2003">
  <ItemGroup>
    <Filter Include="Source Files">
      <UniqueIdentifier>{4FC737F1-C7A5-4376-A066-2A32D752A2FF}</UniqueIdentifier>
      <Extensions>cpp;c;cc;cxx;def;odl;idl;hpj;bat;asm;asmx</Extensions>
    </Filter>
    <Filter Include="Header Files">
      <UniqueIdentifier>{93995380-89BD-4b04-88EB-625FBE52EBFB}</UniqueIdentifier>
      <Extensions>h;hh;hpp;hxx;hm;inl;inc;xsd</Extensions>
    </Filter>
    <Filter Include="Resource Files">
      <UniqueIdentifier>{67DA6AB6-F800-4c08-8B7A-83BB121AAD01}</UniqueIdentifier>
      <Extensions>rc;ico;cur;bmp;dlg;rc2;rct;bin;rgs;gif;jpg;jpeg;jpe;resx;tiff;tif;png;wav;mfcribbon-ms</Extensions>
    </Filter>
  </ItemGroup>
  <ItemGroup>
    <ClInclude Include="c2tc\c2.h">
      <Filter>Header Files</Filter>
    </ClInclude>
    <ClInclude Include="c2tc\errors.h">
      <Filter>Header Files</Filter>
    </ClInclude>
    <ClInclude Include="c2tc\log.h">
      <Filter>Header Files</Filter>
    </ClInclude>
    <ClInclude Include="c2tc\microtest.h">
      <Filter>Header Files</Filter>
    </ClInclude>
    <ClInclude Include="c2tc\mpc.h">
      <Filter>Header Files</Filter>
    </ClInclude>
    <ClInclude Include="c2tc\recipe.h">
      <Filter>Header Files</Filter>
    </ClInclude>
    <ClInclude Include="c2tc\shared.h">
      <Filter>Header Files</Filter>
    </ClInclude>
    <ClInclude Include="c2tc\util.h">
      <Filter>Header Files</Filter>
    </ClInclude>
  </ItemGroup>
  <ItemGroup>
    <ClCompile Include="c2tc\c2.c">
      <Filter>Source Files</Filter>
    </ClCompile>
    <ClCompile Include="c2tc\c2main.c">
      <Filter>Source Files</Filter>
    </ClCompile>
    <ClCompile Include="c2tc\errors.c">
      <Filter>Source Files</Filter>
    </ClCompile>
    <ClCompile Include="c2tc\main.c">
      <Filter>Source Files</Filter>
    </ClCompile>
    <ClCompile Include="c2tc\mpc.c">
      <Filter>Source Files</Filter>
    </ClCompile>
    <ClCompile Include="c2tc\recipe.c">
      <Filter>Source Files</Filter>
    </ClCompile>
    <ClCompile Include="c2tc\recipeparser.c">
      <Filter>Source Files</Filter>
    </ClCompile>
    <ClCompile Include="c2tc\tests.c">
      <Filter>Source Files</Filter>
    </ClCompile>
    <ClCompile Include="c2tc\util.c">
      <Filter>Source Files</Filter>
    </ClCompile>
  </ItemGroup>
  <ItemGroup>
    <None Include="build\commenttest.c2">
      <Filter>Resource Files</Filter>
    </None>
    <None Include="build\test.c2">
      <Filter>Resource Files</Filter>
    </None>
    <None Include="build\test2.c2">
      <Filter>Resource Files</Filter>
    </None>
  </ItemGroup>
  <ItemGroup>
    <Text Include="build\recipe.txt">
      <Filter>Resource Files</Filter>
    </Text>
    <Text Include="build\recipetest1.txt">
      <Filter>Resource Files</Filter>
    </Text>
    <Text Include="rusty.txt">
      <Filter>Resource Files</Filter>
    </Text>
  </ItemGroup>
</Project>