[root]
name = "c2tc"
version = "0.1.0"
dependencies = [
 "gcc 0.3.47 (registry+https://github.com/rust-lang/crates.io-index)",
]

[[package]]
name = "gcc"
version = "0.3.47"
source = "registry+https://github.com/rust-lang/crates.io-index"

[metadata]
"checksum gcc 0.3.47 (registry+https://github.com/rust-lang/crates.io-index)" = "5773372df827453bc38d4fd8efe425c7f28b1f54468816183fc8716cfb90bd30"
